// !$*UTF8*$!
{
	archiveVersion = 1;
	classes = {
	};
	objectVersion = 55;
	objects = {

/* Begin PBXBuildFile section */
		9467B97C283CF8AB00E608DD /* StarlinxBLEConnect.docc in Sources */ = {isa = PBXBuildFile; fileRef = 9467B95F283CF8AA00E608DD /* StarlinxBLEConnect.docc */; };
		9467B97D283CF8AB00E608DD /* SensorConstans.swift in Sources */ = {isa = PBXBuildFile; fileRef = 9467B961283CF8AA00E608DD /* SensorConstans.swift */; };
		9467B97E283CF8AB00E608DD /* NotificationsNameEx.swift in Sources */ = {isa = PBXBuildFile; fileRef = 9467B962283CF8AA00E608DD /* NotificationsNameEx.swift */; };
		9467B97F283CF8AB00E608DD /* LogHelper.swift in Sources */ = {isa = PBXBuildFile; fileRef = 9467B963283CF8AA00E608DD /* LogHelper.swift */; };
		9467B980283CF8AB00E608DD /* TagEventsManager.swift in Sources */ = {isa = PBXBuildFile; fileRef = 9467B965283CF8AA00E608DD /* TagEventsManager.swift */; };
		9467B981283CF8AB00E608DD /* SensonUtils.swift in Sources */ = {isa = PBXBuildFile; fileRef = 9467B966283CF8AA00E608DD /* SensonUtils.swift */; };
		9467B982283CF8AB00E608DD /* OBGEventsManager.swift in Sources */ = {isa = PBXBuildFile; fileRef = 9467B967283CF8AA00E608DD /* OBGEventsManager.swift */; };
		9467B983283CF8AB00E608DD /* SensorEventsProtocol.swift in Sources */ = {isa = PBXBuildFile; fileRef = 9467B968283CF8AA00E608DD /* SensorEventsProtocol.swift */; };
		9467B984283CF8AB00E608DD /* BaseSensorEvents.swift in Sources */ = {isa = PBXBuildFile; fileRef = 9467B969283CF8AA00E608DD /* BaseSensorEvents.swift */; };
		9467B985283CF8AB00E608DD /* SafetyIncomingMessage.swift in Sources */ = {isa = PBXBuildFile; fileRef = 9467B96B283CF8AA00E608DD /* SafetyIncomingMessage.swift */; };
		9467B986283CF8AB00E608DD /* GlobalFieldsModel.swift in Sources */ = {isa = PBXBuildFile; fileRef = 9467B96C283CF8AA00E608DD /* GlobalFieldsModel.swift */; };
		9467B987283CF8AB00E608DD /* BlackBoxIncomingMsg.swift in Sources */ = {isa = PBXBuildFile; fileRef = 9467B96D283CF8AA00E608DD /* BlackBoxIncomingMsg.swift */; };
		9467B988283CF8AB00E608DD /* WelcomeMsg.swift in Sources */ = {isa = PBXBuildFile; fileRef = 9467B96E283CF8AA00E608DD /* WelcomeMsg.swift */; };
		9467B989283CF8AB00E608DD /* EndTripModel.swift in Sources */ = {isa = PBXBuildFile; fileRef = 9467B96F283CF8AA00E608DD /* EndTripModel.swift */; };
		9467B98A283CF8AB00E608DD /* UUIDModel.swift in Sources */ = {isa = PBXBuildFile; fileRef = 9467B970283CF8AA00E608DD /* UUIDModel.swift */; };
		9467B98B283CF8AB00E608DD /* UpdateTagVersion.swift in Sources */ = {isa = PBXBuildFile; fileRef = 9467B972283CF8AA00E608DD /* UpdateTagVersion.swift */; };
		9467B98C283CF8AB00E608DD /* BLEConnectedManager.swift in Sources */ = {isa = PBXBuildFile; fileRef = 9467B973283CF8AA00E608DD /* BLEConnectedManager.swift */; };
		9467B98D283CF8AB00E608DD /* DiscoveredPeripheral.swift in Sources */ = {isa = PBXBuildFile; fileRef = 9467B974283CF8AA00E608DD /* DiscoveredPeripheral.swift */; };
		9467B98E283CF8AB00E608DD /* BLEConnectedDelegate.swift in Sources */ = {isa = PBXBuildFile; fileRef = 9467B975283CF8AA00E608DD /* BLEConnectedDelegate.swift */; };
		9467B98F283CF8AB00E608DD /* ManeuverLevel.swift in Sources */ = {isa = PBXBuildFile; fileRef = 9467B977283CF8AA00E608DD /* ManeuverLevel.swift */; };
		9467B990283CF8AB00E608DD /* CommunicationMessagesTypesEnum.swift in Sources */ = {isa = PBXBuildFile; fileRef = 9467B978283CF8AA00E608DD /* CommunicationMessagesTypesEnum.swift */; };
		9467B991283CF8AB00E608DD /* ManeuverType.swift in Sources */ = {isa = PBXBuildFile; fileRef = 9467B979283CF8AA00E608DD /* ManeuverType.swift */; };
		9467B992283CF8AB00E608DD /* StarlinkDeviceActionEnum.swift in Sources */ = {isa = PBXBuildFile; fileRef = 9467B97A283CF8AA00E608DD /* StarlinkDeviceActionEnum.swift */; };
		9467B993283CF8AB00E608DD /* StarlinxBLEConnect.h in Headers */ = {isa = PBXBuildFile; fileRef = 9467B97B283CF8AB00E608DD /* StarlinxBLEConnect.h */; };
		94D094D02780D36F005373BD /* StarlinxBLEConnect.framework in Frameworks */ = {isa = PBXBuildFile; fileRef = 94D094C52780D36F005373BD /* StarlinxBLEConnect.framework */; };
		94D094D52780D36F005373BD /* StarlinxBLEConnectTests.swift in Sources */ = {isa = PBXBuildFile; fileRef = 94D094D42780D36F005373BD /* StarlinxBLEConnectTests.swift */; };
		94D094FC2780DCFB005373BD /* NordicDFU in Frameworks */ = {isa = PBXBuildFile; productRef = 94D094FB2780DCFB005373BD /* NordicDFU */; };
		94F6E4862781A86600756374 /* Reachability in Frameworks */ = {isa = PBXBuildFile; productRef = 94F6E4852781A86600756374 /* Reachability */; };
/* End PBXBuildFile section */

/* Begin PBXContainerItemProxy section */
		94D094D12780D36F005373BD /* PBXContainerItemProxy */ = {
			isa = PBXContainerItemProxy;
			containerPortal = 94D094BC2780D36F005373BD /* Project object */;
			proxyType = 1;
			remoteGlobalIDString = 94D094C42780D36F005373BD;
			remoteInfo = StarlinxBLEConnect;
		};
/* End PBXContainerItemProxy section */

/* Begin PBXFileReference section */
		9467B95F283CF8AA00E608DD /* StarlinxBLEConnect.docc */ = {isa = PBXFileReference; lastKnownFileType = folder.documentationcatalog; path = StarlinxBLEConnect.docc; sourceTree = "<group>"; };
		9467B961283CF8AA00E608DD /* SensorConstans.swift */ = {isa = PBXFileReference; fileEncoding = 4; lastKnownFileType = sourcecode.swift; path = SensorConstans.swift; sourceTree = "<group>"; };
		9467B962283CF8AA00E608DD /* NotificationsNameEx.swift */ = {isa = PBXFileReference; fileEncoding = 4; lastKnownFileType = sourcecode.swift; path = NotificationsNameEx.swift; sourceTree = "<group>"; };
		9467B963283CF8AA00E608DD /* LogHelper.swift */ = {isa = PBXFileReference; fileEncoding = 4; lastKnownFileType = sourcecode.swift; path = LogHelper.swift; sourceTree = "<group>"; };
		9467B965283CF8AA00E608DD /* TagEventsManager.swift */ = {isa = PBXFileReference; fileEncoding = 4; lastKnownFileType = sourcecode.swift; path = TagEventsManager.swift; sourceTree = "<group>"; };
		9467B966283CF8AA00E608DD /* SensonUtils.swift */ = {isa = PBXFileReference; fileEncoding = 4; lastKnownFileType = sourcecode.swift; path = SensonUtils.swift; sourceTree = "<group>"; };
		9467B967283CF8AA00E608DD /* OBGEventsManager.swift */ = {isa = PBXFileReference; fileEncoding = 4; lastKnownFileType = sourcecode.swift; path = OBGEventsManager.swift; sourceTree = "<group>"; };
		9467B968283CF8AA00E608DD /* SensorEventsProtocol.swift */ = {isa = PBXFileReference; fileEncoding = 4; lastKnownFileType = sourcecode.swift; path = SensorEventsProtocol.swift; sourceTree = "<group>"; };
		9467B969283CF8AA00E608DD /* BaseSensorEvents.swift */ = {isa = PBXFileReference; fileEncoding = 4; lastKnownFileType = sourcecode.swift; path = BaseSensorEvents.swift; sourceTree = "<group>"; };
		9467B96B283CF8AA00E608DD /* SafetyIncomingMessage.swift */ = {isa = PBXFileReference; fileEncoding = 4; lastKnownFileType = sourcecode.swift; path = SafetyIncomingMessage.swift; sourceTree = "<group>"; };
		9467B96C283CF8AA00E608DD /* GlobalFieldsModel.swift */ = {isa = PBXFileReference; fileEncoding = 4; lastKnownFileType = sourcecode.swift; path = GlobalFieldsModel.swift; sourceTree = "<group>"; };
		9467B96D283CF8AA00E608DD /* BlackBoxIncomingMsg.swift */ = {isa = PBXFileReference; fileEncoding = 4; lastKnownFileType = sourcecode.swift; path = BlackBoxIncomingMsg.swift; sourceTree = "<group>"; };
		9467B96E283CF8AA00E608DD /* WelcomeMsg.swift */ = {isa = PBXFileReference; fileEncoding = 4; lastKnownFileType = sourcecode.swift; path = WelcomeMsg.swift; sourceTree = "<group>"; };
		9467B96F283CF8AA00E608DD /* EndTripModel.swift */ = {isa = PBXFileReference; fileEncoding = 4; lastKnownFileType = sourcecode.swift; path = EndTripModel.swift; sourceTree = "<group>"; };
		9467B970283CF8AA00E608DD /* UUIDModel.swift */ = {isa = PBXFileReference; fileEncoding = 4; lastKnownFileType = sourcecode.swift; path = UUIDModel.swift; sourceTree = "<group>"; };
		9467B972283CF8AA00E608DD /* UpdateTagVersion.swift */ = {isa = PBXFileReference; fileEncoding = 4; lastKnownFileType = sourcecode.swift; path = UpdateTagVersion.swift; sourceTree = "<group>"; };
		9467B973283CF8AA00E608DD /* BLEConnectedManager.swift */ = {isa = PBXFileReference; fileEncoding = 4; lastKnownFileType = sourcecode.swift; path = BLEConnectedManager.swift; sourceTree = "<group>"; };
		9467B974283CF8AA00E608DD /* DiscoveredPeripheral.swift */ = {isa = PBXFileReference; fileEncoding = 4; lastKnownFileType = sourcecode.swift; path = DiscoveredPeripheral.swift; sourceTree = "<group>"; };
		9467B975283CF8AA00E608DD /* BLEConnectedDelegate.swift */ = {isa = PBXFileReference; fileEncoding = 4; lastKnownFileType = sourcecode.swift; path = BLEConnectedDelegate.swift; sourceTree = "<group>"; };
		9467B977283CF8AA00E608DD /* ManeuverLevel.swift */ = {isa = PBXFileReference; fileEncoding = 4; lastKnownFileType = sourcecode.swift; path = ManeuverLevel.swift; sourceTree = "<group>"; };
		9467B978283CF8AA00E608DD /* CommunicationMessagesTypesEnum.swift */ = {isa = PBXFileReference; fileEncoding = 4; lastKnownFileType = sourcecode.swift; path = CommunicationMessagesTypesEnum.swift; sourceTree = "<group>"; };
		9467B979283CF8AA00E608DD /* ManeuverType.swift */ = {isa = PBXFileReference; fileEncoding = 4; lastKnownFileType = sourcecode.swift; path = ManeuverType.swift; sourceTree = "<group>"; };
		9467B97A283CF8AA00E608DD /* StarlinkDeviceActionEnum.swift */ = {isa = PBXFileReference; fileEncoding = 4; lastKnownFileType = sourcecode.swift; path = StarlinkDeviceActionEnum.swift; sourceTree = "<group>"; };
		9467B97B283CF8AB00E608DD /* StarlinxBLEConnect.h */ = {isa = PBXFileReference; fileEncoding = 4; lastKnownFileType = sourcecode.c.h; path = StarlinxBLEConnect.h; sourceTree = "<group>"; };
		94D094C52780D36F005373BD /* StarlinxBLEConnect.framework */ = {isa = PBXFileReference; explicitFileType = wrapper.framework; includeInIndex = 0; path = StarlinxBLEConnect.framework; sourceTree = BUILT_PRODUCTS_DIR; };
		94D094CF2780D36F005373BD /* StarlinxBLEConnectTests.xctest */ = {isa = PBXFileReference; explicitFileType = wrapper.cfbundle; includeInIndex = 0; path = StarlinxBLEConnectTests.xctest; sourceTree = BUILT_PRODUCTS_DIR; };
		94D094D42780D36F005373BD /* StarlinxBLEConnectTests.swift */ = {isa = PBXFileReference; lastKnownFileType = sourcecode.swift; path = StarlinxBLEConnectTests.swift; sourceTree = "<group>"; };
/* End PBXFileReference section */

/* Begin PBXFrameworksBuildPhase section */
		94D094C22780D36F005373BD /* Frameworks */ = {
			isa = PBXFrameworksBuildPhase;
			buildActionMask = 2147483647;
			files = (
				94D094FC2780DCFB005373BD /* NordicDFU in Frameworks */,
				94F6E4862781A86600756374 /* Reachability in Frameworks */,
			);
			runOnlyForDeploymentPostprocessing = 0;
		};
		94D094CC2780D36F005373BD /* Frameworks */ = {
			isa = PBXFrameworksBuildPhase;
			buildActionMask = 2147483647;
			files = (
				94D094D02780D36F005373BD /* StarlinxBLEConnect.framework in Frameworks */,
			);
			runOnlyForDeploymentPostprocessing = 0;
		};
/* End PBXFrameworksBuildPhase section */

/* Begin PBXGroup section */
		9467B960283CF8AA00E608DD /* Utils */ = {
			isa = PBXGroup;
			children = (
				9467B961283CF8AA00E608DD /* SensorConstans.swift */,
				9467B962283CF8AA00E608DD /* NotificationsNameEx.swift */,
			);
			path = Utils;
			sourceTree = "<group>";
		};
		9467B964283CF8AA00E608DD /* EventsManagers */ = {
			isa = PBXGroup;
			children = (
				9467B965283CF8AA00E608DD /* TagEventsManager.swift */,
				9467B966283CF8AA00E608DD /* SensonUtils.swift */,
				9467B967283CF8AA00E608DD /* OBGEventsManager.swift */,
				9467B968283CF8AA00E608DD /* SensorEventsProtocol.swift */,
				9467B969283CF8AA00E608DD /* BaseSensorEvents.swift */,
			);
			path = EventsManagers;
			sourceTree = "<group>";
		};
		9467B96A283CF8AA00E608DD /* Model */ = {
			isa = PBXGroup;
			children = (
				9467B96B283CF8AA00E608DD /* SafetyIncomingMessage.swift */,
				9467B96C283CF8AA00E608DD /* GlobalFieldsModel.swift */,
				9467B96D283CF8AA00E608DD /* BlackBoxIncomingMsg.swift */,
				9467B96E283CF8AA00E608DD /* WelcomeMsg.swift */,
				9467B96F283CF8AA00E608DD /* EndTripModel.swift */,
				9467B970283CF8AA00E608DD /* UUIDModel.swift */,
			);
			path = Model;
			sourceTree = "<group>";
		};
		9467B971283CF8AA00E608DD /* BLE */ = {
			isa = PBXGroup;
			children = (
				9467B972283CF8AA00E608DD /* UpdateTagVersion.swift */,
				9467B973283CF8AA00E608DD /* BLEConnectedManager.swift */,
				9467B974283CF8AA00E608DD /* DiscoveredPeripheral.swift */,
				9467B975283CF8AA00E608DD /* BLEConnectedDelegate.swift */,
			);
			path = BLE;
			sourceTree = "<group>";
		};
		9467B976283CF8AA00E608DD /* Enum */ = {
			isa = PBXGroup;
			children = (
				9467B977283CF8AA00E608DD /* ManeuverLevel.swift */,
				9467B978283CF8AA00E608DD /* CommunicationMessagesTypesEnum.swift */,
				9467B979283CF8AA00E608DD /* ManeuverType.swift */,
				9467B97A283CF8AA00E608DD /* StarlinkDeviceActionEnum.swift */,
			);
			path = Enum;
			sourceTree = "<group>";
		};
		94D094BB2780D36F005373BD = {
			isa = PBXGroup;
			children = (
				94D094C72780D36F005373BD /* StarlinxBLEConnect */,
				94D094D32780D36F005373BD /* StarlinxBLEConnectTests */,
				94D094C62780D36F005373BD /* Products */,
				94D094FA2780DCFB005373BD /* Frameworks */,
			);
			sourceTree = "<group>";
		};
		94D094C62780D36F005373BD /* Products */ = {
			isa = PBXGroup;
			children = (
				94D094C52780D36F005373BD /* StarlinxBLEConnect.framework */,
				94D094CF2780D36F005373BD /* StarlinxBLEConnectTests.xctest */,
			);
			name = Products;
			sourceTree = "<group>";
		};
		94D094C72780D36F005373BD /* StarlinxBLEConnect */ = {
			isa = PBXGroup;
			children = (
				9467B971283CF8AA00E608DD /* BLE */,
				9467B976283CF8AA00E608DD /* Enum */,
				9467B964283CF8AA00E608DD /* EventsManagers */,
				9467B963283CF8AA00E608DD /* LogHelper.swift */,
				9467B96A283CF8AA00E608DD /* Model */,
				9467B95F283CF8AA00E608DD /* StarlinxBLEConnect.docc */,
				9467B97B283CF8AB00E608DD /* StarlinxBLEConnect.h */,
				9467B960283CF8AA00E608DD /* Utils */,
			);
			path = StarlinxBLEConnect;
			sourceTree = "<group>";
		};
		94D094D32780D36F005373BD /* StarlinxBLEConnectTests */ = {
			isa = PBXGroup;
			children = (
				94D094D42780D36F005373BD /* StarlinxBLEConnectTests.swift */,
			);
			path = StarlinxBLEConnectTests;
			sourceTree = "<group>";
		};
		94D094FA2780DCFB005373BD /* Frameworks */ = {
			isa = PBXGroup;
			children = (
			);
			name = Frameworks;
			sourceTree = "<group>";
		};
/* End PBXGroup section */

/* Begin PBXHeadersBuildPhase section */
		94D094C02780D36F005373BD /* Headers */ = {
			isa = PBXHeadersBuildPhase;
			buildActionMask = 2147483647;
			files = (
				9467B993283CF8AB00E608DD /* StarlinxBLEConnect.h in Headers */,
			);
			runOnlyForDeploymentPostprocessing = 0;
		};
/* End PBXHeadersBuildPhase section */

/* Begin PBXNativeTarget section */
		94D094C42780D36F005373BD /* StarlinxBLEConnect */ = {
			isa = PBXNativeTarget;
			buildConfigurationList = 94D094D92780D36F005373BD /* Build configuration list for PBXNativeTarget "StarlinxBLEConnect" */;
			buildPhases = (
				94D094C02780D36F005373BD /* Headers */,
				94D094C12780D36F005373BD /* Sources */,
				94D094C22780D36F005373BD /* Frameworks */,
				94D094C32780D36F005373BD /* Resources */,
			);
			buildRules = (
			);
			dependencies = (
				940972322781A3E6002015B7 /* PBXTargetDependency */,
			);
			name = StarlinxBLEConnect;
			packageProductDependencies = (
				94D094FB2780DCFB005373BD /* NordicDFU */,
				94F6E4852781A86600756374 /* Reachability */,
			);
			productName = StarlinxBLEConnect;
			productReference = 94D094C52780D36F005373BD /* StarlinxBLEConnect.framework */;
			productType = "com.apple.product-type.framework";
		};
		94D094CE2780D36F005373BD /* StarlinxBLEConnectTests */ = {
			isa = PBXNativeTarget;
			buildConfigurationList = 94D094DC2780D36F005373BD /* Build configuration list for PBXNativeTarget "StarlinxBLEConnectTests" */;
			buildPhases = (
				94D094CB2780D36F005373BD /* Sources */,
				94D094CC2780D36F005373BD /* Frameworks */,
				94D094CD2780D36F005373BD /* Resources */,
			);
			buildRules = (
			);
			dependencies = (
				94D094D22780D36F005373BD /* PBXTargetDependency */,
			);
			name = StarlinxBLEConnectTests;
			productName = StarlinxBLEConnectTests;
			productReference = 94D094CF2780D36F005373BD /* StarlinxBLEConnectTests.xctest */;
			productType = "com.apple.product-type.bundle.unit-test";
		};
/* End PBXNativeTarget section */

/* Begin PBXProject section */
		94D094BC2780D36F005373BD /* Project object */ = {
			isa = PBXProject;
			attributes = {
				BuildIndependentTargetsInParallel = 1;
				LastSwiftUpdateCheck = 1320;
				LastUpgradeCheck = 1320;
				TargetAttributes = {
					94D094C42780D36F005373BD = {
						CreatedOnToolsVersion = 13.2.1;
					};
					94D094CE2780D36F005373BD = {
						CreatedOnToolsVersion = 13.2.1;
					};
				};
			};
			buildConfigurationList = 94D094BF2780D36F005373BD /* Build configuration list for PBXProject "StarlinxBLEConnect" */;
			compatibilityVersion = "Xcode 13.0";
			developmentRegion = en;
			hasScannedForEncodings = 0;
			knownRegions = (
				en,
				Base,
			);
			mainGroup = 94D094BB2780D36F005373BD;
			packageReferences = (
				94D094F32780D52A005373BD /* XCRemoteSwiftPackageReference "IOS-DFU-Library" */,
				94D094FD2780E40C005373BD /* XCRemoteSwiftPackageReference "Reachability" */,
			);
			productRefGroup = 94D094C62780D36F005373BD /* Products */;
			projectDirPath = "";
			projectRoot = "";
			targets = (
				94D094C42780D36F005373BD /* StarlinxBLEConnect */,
				94D094CE2780D36F005373BD /* StarlinxBLEConnectTests */,
			);
		};
/* End PBXProject section */

/* Begin PBXResourcesBuildPhase section */
		94D094C32780D36F005373BD /* Resources */ = {
			isa = PBXResourcesBuildPhase;
			buildActionMask = 2147483647;
			files = (
			);
			runOnlyForDeploymentPostprocessing = 0;
		};
		94D094CD2780D36F005373BD /* Resources */ = {
			isa = PBXResourcesBuildPhase;
			buildActionMask = 2147483647;
			files = (
			);
			runOnlyForDeploymentPostprocessing = 0;
		};
/* End PBXResourcesBuildPhase section */

/* Begin PBXSourcesBuildPhase section */
		94D094C12780D36F005373BD /* Sources */ = {
			isa = PBXSourcesBuildPhase;
			buildActionMask = 2147483647;
			files = (
				9467B989283CF8AB00E608DD /* EndTripModel.swift in Sources */,
				9467B97D283CF8AB00E608DD /* SensorConstans.swift in Sources */,
				9467B98B283CF8AB00E608DD /* UpdateTagVersion.swift in Sources */,
				9467B987283CF8AB00E608DD /* BlackBoxIncomingMsg.swift in Sources */,
				9467B98E283CF8AB00E608DD /* BLEConnectedDelegate.swift in Sources */,
				9467B984283CF8AB00E608DD /* BaseSensorEvents.swift in Sources */,
				9467B98D283CF8AB00E608DD /* DiscoveredPeripheral.swift in Sources */,
				9467B981283CF8AB00E608DD /* SensonUtils.swift in Sources */,
				9467B986283CF8AB00E608DD /* GlobalFieldsModel.swift in Sources */,
				9467B98F283CF8AB00E608DD /* ManeuverLevel.swift in Sources */,
				9467B985283CF8AB00E608DD /* SafetyIncomingMessage.swift in Sources */,
				9467B992283CF8AB00E608DD /* StarlinkDeviceActionEnum.swift in Sources */,
				9467B97F283CF8AB00E608DD /* LogHelper.swift in Sources */,
				9467B990283CF8AB00E608DD /* CommunicationMessagesTypesEnum.swift in Sources */,
				9467B991283CF8AB00E608DD /* ManeuverType.swift in Sources */,
				9467B98A283CF8AB00E608DD /* UUIDModel.swift in Sources */,
				9467B982283CF8AB00E608DD /* OBGEventsManager.swift in Sources */,
				9467B97E283CF8AB00E608DD /* NotificationsNameEx.swift in Sources */,
				9467B97C283CF8AB00E608DD /* StarlinxBLEConnect.docc in Sources */,
				9467B980283CF8AB00E608DD /* TagEventsManager.swift in Sources */,
				9467B983283CF8AB00E608DD /* SensorEventsProtocol.swift in Sources */,
				9467B988283CF8AB00E608DD /* WelcomeMsg.swift in Sources */,
				9467B98C283CF8AB00E608DD /* BLEConnectedManager.swift in Sources */,
			);
			runOnlyForDeploymentPostprocessing = 0;
		};
		94D094CB2780D36F005373BD /* Sources */ = {
			isa = PBXSourcesBuildPhase;
			buildActionMask = 2147483647;
			files = (
				94D094D52780D36F005373BD /* StarlinxBLEConnectTests.swift in Sources */,
			);
			runOnlyForDeploymentPostprocessing = 0;
		};
/* End PBXSourcesBuildPhase section */

/* Begin PBXTargetDependency section */
		940972322781A3E6002015B7 /* PBXTargetDependency */ = {
			isa = PBXTargetDependency;
			productRef = 940972312781A3E6002015B7 /* NordicDFU */;
		};
		94D094D22780D36F005373BD /* PBXTargetDependency */ = {
			isa = PBXTargetDependency;
			target = 94D094C42780D36F005373BD /* StarlinxBLEConnect */;
			targetProxy = 94D094D12780D36F005373BD /* PBXContainerItemProxy */;
		};
/* End PBXTargetDependency section */

/* Begin XCBuildConfiguration section */
		94D094D72780D36F005373BD /* Debug */ = {
			isa = XCBuildConfiguration;
			buildSettings = {
				ALWAYS_EMBED_SWIFT_STANDARD_LIBRARIES = YES;
				ALWAYS_SEARCH_USER_PATHS = NO;
				CLANG_ANALYZER_NONNULL = YES;
				CLANG_ANALYZER_NUMBER_OBJECT_CONVERSION = YES_AGGRESSIVE;
				CLANG_CXX_LANGUAGE_STANDARD = "gnu++17";
				CLANG_CXX_LIBRARY = "libc++";
				CLANG_ENABLE_MODULES = YES;
				CLANG_ENABLE_OBJC_ARC = YES;
				CLANG_ENABLE_OBJC_WEAK = YES;
				CLANG_WARN_BLOCK_CAPTURE_AUTORELEASING = YES;
				CLANG_WARN_BOOL_CONVERSION = YES;
				CLANG_WARN_COMMA = YES;
				CLANG_WARN_CONSTANT_CONVERSION = YES;
				CLANG_WARN_DEPRECATED_OBJC_IMPLEMENTATIONS = YES;
				CLANG_WARN_DIRECT_OBJC_ISA_USAGE = YES_ERROR;
				CLANG_WARN_DOCUMENTATION_COMMENTS = YES;
				CLANG_WARN_EMPTY_BODY = YES;
				CLANG_WARN_ENUM_CONVERSION = YES;
				CLANG_WARN_INFINITE_RECURSION = YES;
				CLANG_WARN_INT_CONVERSION = YES;
				CLANG_WARN_NON_LITERAL_NULL_CONVERSION = YES;
				CLANG_WARN_OBJC_IMPLICIT_RETAIN_SELF = YES;
				CLANG_WARN_OBJC_LITERAL_CONVERSION = YES;
				CLANG_WARN_OBJC_ROOT_CLASS = YES_ERROR;
				CLANG_WARN_QUOTED_INCLUDE_IN_FRAMEWORK_HEADER = YES;
				CLANG_WARN_RANGE_LOOP_ANALYSIS = YES;
				CLANG_WARN_STRICT_PROTOTYPES = YES;
				CLANG_WARN_SUSPICIOUS_MOVE = YES;
				CLANG_WARN_UNGUARDED_AVAILABILITY = YES_AGGRESSIVE;
				CLANG_WARN_UNREACHABLE_CODE = YES;
				CLANG_WARN__DUPLICATE_METHOD_MATCH = YES;
				COPY_PHASE_STRIP = NO;
				CURRENT_PROJECT_VERSION = 1;
				DEBUG_INFORMATION_FORMAT = dwarf;
				ENABLE_STRICT_OBJC_MSGSEND = YES;
				ENABLE_TESTABILITY = YES;
				GCC_C_LANGUAGE_STANDARD = gnu11;
				GCC_DYNAMIC_NO_PIC = NO;
				GCC_NO_COMMON_BLOCKS = YES;
				GCC_OPTIMIZATION_LEVEL = 0;
				GCC_PREPROCESSOR_DEFINITIONS = (
					"DEBUG=1",
					"$(inherited)",
				);
				GCC_WARN_64_TO_32_BIT_CONVERSION = YES;
				GCC_WARN_ABOUT_RETURN_TYPE = YES_ERROR;
				GCC_WARN_UNDECLARED_SELECTOR = YES;
				GCC_WARN_UNINITIALIZED_AUTOS = YES_AGGRESSIVE;
				GCC_WARN_UNUSED_FUNCTION = YES;
				GCC_WARN_UNUSED_VARIABLE = YES;
				IPHONEOS_DEPLOYMENT_TARGET = 15.2;
				MTL_ENABLE_DEBUG_INFO = INCLUDE_SOURCE;
				MTL_FAST_MATH = YES;
				ONLY_ACTIVE_ARCH = YES;
				SDKROOT = iphoneos;
				SWIFT_ACTIVE_COMPILATION_CONDITIONS = DEBUG;
				SWIFT_OPTIMIZATION_LEVEL = "-Onone";
				VERSIONING_SYSTEM = "apple-generic";
				VERSION_INFO_PREFIX = "";
			};
			name = Debug;
		};
		94D094D82780D36F005373BD /* Release */ = {
			isa = XCBuildConfiguration;
			buildSettings = {
				ALWAYS_EMBED_SWIFT_STANDARD_LIBRARIES = YES;
				ALWAYS_SEARCH_USER_PATHS = NO;
				CLANG_ANALYZER_NONNULL = YES;
				CLANG_ANALYZER_NUMBER_OBJECT_CONVERSION = YES_AGGRESSIVE;
				CLANG_CXX_LANGUAGE_STANDARD = "gnu++17";
				CLANG_CXX_LIBRARY = "libc++";
				CLANG_ENABLE_MODULES = YES;
				CLANG_ENABLE_OBJC_ARC = YES;
				CLANG_ENABLE_OBJC_WEAK = YES;
				CLANG_WARN_BLOCK_CAPTURE_AUTORELEASING = YES;
				CLANG_WARN_BOOL_CONVERSION = YES;
				CLANG_WARN_COMMA = YES;
				CLANG_WARN_CONSTANT_CONVERSION = YES;
				CLANG_WARN_DEPRECATED_OBJC_IMPLEMENTATIONS = YES;
				CLANG_WARN_DIRECT_OBJC_ISA_USAGE = YES_ERROR;
				CLANG_WARN_DOCUMENTATION_COMMENTS = YES;
				CLANG_WARN_EMPTY_BODY = YES;
				CLANG_WARN_ENUM_CONVERSION = YES;
				CLANG_WARN_INFINITE_RECURSION = YES;
				CLANG_WARN_INT_CONVERSION = YES;
				CLANG_WARN_NON_LITERAL_NULL_CONVERSION = YES;
				CLANG_WARN_OBJC_IMPLICIT_RETAIN_SELF = YES;
				CLANG_WARN_OBJC_LITERAL_CONVERSION = YES;
				CLANG_WARN_OBJC_ROOT_CLASS = YES_ERROR;
				CLANG_WARN_QUOTED_INCLUDE_IN_FRAMEWORK_HEADER = YES;
				CLANG_WARN_RANGE_LOOP_ANALYSIS = YES;
				CLANG_WARN_STRICT_PROTOTYPES = YES;
				CLANG_WARN_SUSPICIOUS_MOVE = YES;
				CLANG_WARN_UNGUARDED_AVAILABILITY = YES_AGGRESSIVE;
				CLANG_WARN_UNREACHABLE_CODE = YES;
				CLANG_WARN__DUPLICATE_METHOD_MATCH = YES;
				COPY_PHASE_STRIP = NO;
				CURRENT_PROJECT_VERSION = 1;
				DEBUG_INFORMATION_FORMAT = "dwarf-with-dsym";
				ENABLE_NS_ASSERTIONS = NO;
				ENABLE_STRICT_OBJC_MSGSEND = YES;
				GCC_C_LANGUAGE_STANDARD = gnu11;
				GCC_NO_COMMON_BLOCKS = YES;
				GCC_WARN_64_TO_32_BIT_CONVERSION = YES;
				GCC_WARN_ABOUT_RETURN_TYPE = YES_ERROR;
				GCC_WARN_UNDECLARED_SELECTOR = YES;
				GCC_WARN_UNINITIALIZED_AUTOS = YES_AGGRESSIVE;
				GCC_WARN_UNUSED_FUNCTION = YES;
				GCC_WARN_UNUSED_VARIABLE = YES;
				IPHONEOS_DEPLOYMENT_TARGET = 15.2;
				MTL_ENABLE_DEBUG_INFO = NO;
				MTL_FAST_MATH = YES;
				SDKROOT = iphoneos;
				SWIFT_COMPILATION_MODE = wholemodule;
				SWIFT_OPTIMIZATION_LEVEL = "-O";
				VALIDATE_PRODUCT = YES;
				VERSIONING_SYSTEM = "apple-generic";
				VERSION_INFO_PREFIX = "";
			};
			name = Release;
		};
		94D094DA2780D36F005373BD /* Debug */ = {
			isa = XCBuildConfiguration;
			buildSettings = {
				BUILD_LIBRARY_FOR_DISTRIBUTION = YES;
				CODE_SIGN_STYLE = Automatic;
				CURRENT_PROJECT_VERSION = 1;
				DEFINES_MODULE = YES;
				DEVELOPMENT_TEAM = 364VQ9278J;
				DYLIB_COMPATIBILITY_VERSION = 1;
				DYLIB_CURRENT_VERSION = 1;
				DYLIB_INSTALL_NAME_BASE = "@rpath";
				GENERATE_INFOPLIST_FILE = YES;
				INFOPLIST_KEY_NSHumanReadableCopyright = "";
				INSTALL_PATH = "$(LOCAL_LIBRARY_DIR)/Frameworks";
				IPHONEOS_DEPLOYMENT_TARGET = 13.1;
				LD_RUNPATH_SEARCH_PATHS = (
					"$(inherited)",
					"@executable_path/Frameworks",
					"@loader_path/Frameworks",
				);
				MARKETING_VERSION = 1.0;
				PRODUCT_BUNDLE_IDENTIFIER = BC.StarlinxBLEConnect;
				PRODUCT_NAME = "$(TARGET_NAME:c99extidentifier)";
				SKIP_INSTALL = YES;
				SUPPORTS_MACCATALYST = NO;
				SWIFT_EMIT_LOC_STRINGS = YES;
				SWIFT_VERSION = 5.0;
				TARGETED_DEVICE_FAMILY = "1,2";
				TVOS_DEPLOYMENT_TARGET = "";
				WATCHOS_DEPLOYMENT_TARGET = "";
			};
			name = Debug;
		};
		94D094DB2780D36F005373BD /* Release */ = {
			isa = XCBuildConfiguration;
			buildSettings = {
				BUILD_LIBRARY_FOR_DISTRIBUTION = YES;
				CODE_SIGN_STYLE = Automatic;
				CURRENT_PROJECT_VERSION = 1;
				DEFINES_MODULE = YES;
				DEVELOPMENT_TEAM = 364VQ9278J;
				DYLIB_COMPATIBILITY_VERSION = 1;
				DYLIB_CURRENT_VERSION = 1;
				DYLIB_INSTALL_NAME_BASE = "@rpath";
				GENERATE_INFOPLIST_FILE = YES;
				INFOPLIST_KEY_NSHumanReadableCopyright = "";
				INSTALL_PATH = "$(LOCAL_LIBRARY_DIR)/Frameworks";
				IPHONEOS_DEPLOYMENT_TARGET = 13.1;
				LD_RUNPATH_SEARCH_PATHS = (
					"$(inherited)",
					"@executable_path/Frameworks",
					"@loader_path/Frameworks",
				);
				MARKETING_VERSION = 1.0;
				PRODUCT_BUNDLE_IDENTIFIER = BC.StarlinxBLEConnect;
				PRODUCT_NAME = "$(TARGET_NAME:c99extidentifier)";
				SKIP_INSTALL = YES;
				SUPPORTS_MACCATALYST = NO;
				SWIFT_EMIT_LOC_STRINGS = YES;
				SWIFT_VERSION = 5.0;
				TARGETED_DEVICE_FAMILY = "1,2";
				TVOS_DEPLOYMENT_TARGET = "";
				WATCHOS_DEPLOYMENT_TARGET = "";
			};
			name = Release;
		};
		94D094DD2780D36F005373BD /* Debug */ = {
			isa = XCBuildConfiguration;
			buildSettings = {
				ALWAYS_EMBED_SWIFT_STANDARD_LIBRARIES = YES;
				CODE_SIGN_STYLE = Automatic;
				CURRENT_PROJECT_VERSION = 1;
				DEVELOPMENT_TEAM = 364VQ9278J;
				GENERATE_INFOPLIST_FILE = YES;
				MARKETING_VERSION = 1.0;
				PRODUCT_BUNDLE_IDENTIFIER = BC.StarlinxBLEConnectTests;
				PRODUCT_NAME = "$(TARGET_NAME)";
				SWIFT_EMIT_LOC_STRINGS = NO;
				SWIFT_VERSION = 5.0;
				TARGETED_DEVICE_FAMILY = "1,2";
			};
			name = Debug;
		};
		94D094DE2780D36F005373BD /* Release */ = {
			isa = XCBuildConfiguration;
			buildSettings = {
				ALWAYS_EMBED_SWIFT_STANDARD_LIBRARIES = YES;
				CODE_SIGN_STYLE = Automatic;
				CURRENT_PROJECT_VERSION = 1;
				DEVELOPMENT_TEAM = 364VQ9278J;
				GENERATE_INFOPLIST_FILE = YES;
				MARKETING_VERSION = 1.0;
				PRODUCT_BUNDLE_IDENTIFIER = BC.StarlinxBLEConnectTests;
				PRODUCT_NAME = "$(TARGET_NAME)";
				SWIFT_EMIT_LOC_STRINGS = NO;
				SWIFT_VERSION = 5.0;
				TARGETED_DEVICE_FAMILY = "1,2";
			};
			name = Release;
		};
/* End XCBuildConfiguration section */

/* Begin XCConfigurationList section */
		94D094BF2780D36F005373BD /* Build configuration list for PBXProject "StarlinxBLEConnect" */ = {
			isa = XCConfigurationList;
			buildConfigurations = (
				94D094D72780D36F005373BD /* Debug */,
				94D094D82780D36F005373BD /* Release */,
			);
			defaultConfigurationIsVisible = 0;
			defaultConfigurationName = Release;
		};
		94D094D92780D36F005373BD /* Build configuration list for PBXNativeTarget "StarlinxBLEConnect" */ = {
			isa = XCConfigurationList;
			buildConfigurations = (
				94D094DA2780D36F005373BD /* Debug */,
				94D094DB2780D36F005373BD /* Release */,
			);
			defaultConfigurationIsVisible = 0;
			defaultConfigurationName = Release;
		};
		94D094DC2780D36F005373BD /* Build configuration list for PBXNativeTarget "StarlinxBLEConnectTests" */ = {
			isa = XCConfigurationList;
			buildConfigurations = (
				94D094DD2780D36F005373BD /* Debug */,
				94D094DE2780D36F005373BD /* Release */,
			);
			defaultConfigurationIsVisible = 0;
			defaultConfigurationName = Release;
		};
/* End XCConfigurationList section */

/* Begin XCRemoteSwiftPackageReference section */
		94D094F32780D52A005373BD /* XCRemoteSwiftPackageReference "IOS-DFU-Library" */ = {
			isa = XCRemoteSwiftPackageReference;
			repositoryURL = "https://github.com/NordicSemiconductor/IOS-DFU-Library";
			requirement = {
				branch = master;
				kind = branch;
			};
		};
		94D094FD2780E40C005373BD /* XCRemoteSwiftPackageReference "Reachability" */ = {
			isa = XCRemoteSwiftPackageReference;
			repositoryURL = "https://github.com/ashleymills/Reachability.swift";
			requirement = {
				branch = master;
				kind = branch;
			};
		};
/* End XCRemoteSwiftPackageReference section */

/* Begin XCSwiftPackageProductDependency section */
		940972312781A3E6002015B7 /* NordicDFU */ = {
			isa = XCSwiftPackageProductDependency;
			package = 94D094F32780D52A005373BD /* XCRemoteSwiftPackageReference "IOS-DFU-Library" */;
			productName = NordicDFU;
		};
		94D094FB2780DCFB005373BD /* NordicDFU */ = {
			isa = XCSwiftPackageProductDependency;
			package = 94D094F32780D52A005373BD /* XCRemoteSwiftPackageReference "IOS-DFU-Library" */;
			productName = NordicDFU;
		};
		94F6E4852781A86600756374 /* Reachability */ = {
			isa = XCSwiftPackageProductDependency;
			package = 94D094FD2780E40C005373BD /* XCRemoteSwiftPackageReference "Reachability" */;
			productName = Reachability;
		};
/* End XCSwiftPackageProductDependency section */
	};
	rootObject = 94D094BC2780D36F005373BD /* Project object */;
}
