{
  "object": {
    "pins": [
      {
        "package": "NordicDFU",
        "repositoryURL": "https://github.com/NordicSemiconductor/IOS-DFU-Library",
        "state": {
          "branch": "master",
          "revision": "fc05e4629df3f71de7492dea9a377b82d5500a24",
          "version": null
        }
      },
      {
        "package": "Reachability",
        "repositoryURL": "https://github.com/ashleymills/Reachability.swift",
        "state": {
          "branch": "master",
          "revision": "a81b7367f2c46875f29577e03a60c39cdfad0c8d",
          "version": null
        }
      },
      {
        "package": "ZIPFoundation",
        "repositoryURL": "https://github.com/weichsel/ZIPFoundation",
        "state": {
          "branch": null,
          "revision": "ec32d62d412578542c0ffb7a6ce34d3e64b43b94",
          "version": "0.9.11"
        }
      }
    ]
  },
  "version": 1
}
